
Microsoft Visual Studio Solution File, Format Version 12.00
Project("{FAE04EC0-301F-11D3-BF4B-00C04F79EFBC}") = "Ynab", "Ynab\Ynab.csproj", "{4D763B49-7DD5-488A-BE5A-083BFE9108FA}"
EndProject
Project("{2150E333-8FDC-42A3-9474-1A3956D46DE8}") = "Meta", "Meta", "{528597EC-71D9-431E-A46E-B1F060A82A2A}"
	ProjectSection(SolutionItems) = preProject
		README.md = README.md
		LICENSE = LICENSE
		.gitignore = .gitignore
	EndProjectSection
EndProject
Project("{FAE04EC0-301F-11D3-BF4B-00C04F79EFBC}") = "SpendfulnessCli.CliTables", "SpendfulnessCli.CliTables\SpendfulnessCli.CliTables.csproj", "{D6DDBC52-9946-434B-814E-536E8E4D49CB}"
EndProject
Project("{FAE04EC0-301F-11D3-BF4B-00C04F79EFBC}") = "SpendfulnessCli.Commands", "SpendfulnessCli.Commands\SpendfulnessCli.Commands.csproj", "{A856A1D8-73AB-47EA-8D8C-F53880052A16}"
EndProject
Project("{FAE04EC0-301F-11D3-BF4B-00C04F79EFBC}") = "Cli.Instructions", "Cli.Instructions\Cli.Instructions.csproj", "{3DAF9443-CB74-4549-8032-551259B306FB}"
EndProject
Project("{FAE04EC0-301F-11D3-BF4B-00C04F79EFBC}") = "Cli.Instructions.Tests", "Cli.Instructions.Tests\Cli.Instructions.Tests.csproj", "{93506C09-B06A-4498-AA93-836C22677798}"
EndProject
Project("{FAE04EC0-301F-11D3-BF4B-00C04F79EFBC}") = "SpendfulnessCli.Commands.Tests", "SpendfulnessCli.Commands.Tests\SpendfulnessCli.Commands.Tests.csproj", "{7EAF17CD-C47E-4573-A658-2D8F1C7AA1FC}"
EndProject
Project("{FAE04EC0-301F-11D3-BF4B-00C04F79EFBC}") = "Ynab.Tests", "Ynab.Tests\Ynab.Tests.csproj", "{603D8C36-71AF-423D-B27D-F78C3B09EA0B}"
EndProject
Project("{FAE04EC0-301F-11D3-BF4B-00C04F79EFBC}") = "SpendfulnessCli.CliTables.Tests", "SpendfulnessCli.CliTables.Tests\SpendfulnessCli.CliTables.Tests.csproj", "{E72E9E9F-C093-4924-AFF2-67E1E46F1039}"
EndProject
Project("{2150E333-8FDC-42A3-9474-1A3956D46DE8}") = "ADR", "ADR", "{B5381D3F-A87C-459E-BE0F-27B0AC6A1D56}"
	ProjectSection(SolutionItems) = preProject
		ADR\ADR01-Null-ArgumentValue-In-InstructionArgumentBuilders.md = ADR\ADR01-Null-ArgumentValue-In-InstructionArgumentBuilders.md
		CONCEPTS.md = CONCEPTS.md
		FUTURE-ADR.md = FUTURE-ADR.md
		ADR\ADR02-Storing-Data.md = ADR\ADR02-Storing-Data.md
		ADR\ynab-database-diagram.png = ADR\ynab-database-diagram.png
		ADR\ADR03-Exceptional-Cicumstances.md = ADR\ADR03-Exceptional-Cicumstances.md
		ADR\Best-Practices.md = ADR\Best-Practices.md
		ADR\ADR09-Cli-Workflow-Concept.md = ADR\ADR09-Cli-Workflow-Concept.md
		ADR\ADR08-SpendfulnessBudgetClient.md = ADR\ADR08-SpendfulnessBudgetClient.md
		ADR\ADR08-Cli-Concept.md = ADR\ADR08-Cli-Concept.md
		ADR\ADR05-Connected-API-Concept.md = ADR\ADR05-Connected-API-Concept.md
		ADR\ADR06-Aggregation-Concept.md = ADR\ADR06-Aggregation-Concept.md
		ADR\ADR07-Instruction-Parser.md = ADR\ADR07-Instruction-Parser.md
		ADR\ADR04-Itemisation-Intelligence.md = ADR\ADR04-Itemisation-Intelligence.md
	EndProjectSection
EndProject
Project("{FAE04EC0-301F-11D3-BF4B-00C04F79EFBC}") = "Spendfulness.Database", "Spendfulness.Database\Spendfulness.Database.csproj", "{80B41408-9A47-4AC6-8847-A37EF2EC327C}"
EndProject
Project("{FAE04EC0-301F-11D3-BF4B-00C04F79EFBC}") = "SpendfulnessCli.Commands.Personalisation", "SpendfulnessCli.Commands.Personalisation\SpendfulnessCli.Commands.Personalisation.csproj", "{9EDF82AA-7E61-485B-8B95-815EA0407C93}"
EndProject
Project("{FAE04EC0-301F-11D3-BF4B-00C04F79EFBC}") = "SpendfulnessCli.Commands.Reporting", "SpendfulnessCli.Commands.Reporting\SpendfulnessCli.Commands.Reporting.csproj", "{B15BC118-26C7-43F1-8315-EB71C92DF16A}"
EndProject
Project("{FAE04EC0-301F-11D3-BF4B-00C04F79EFBC}") = "SpendfulnessCli.Sync", "SpendfulnessCli.Sync\SpendfulnessCli.Sync.csproj", "{E34D5843-983A-4548-9D68-CB479F2711EE}"
EndProject
Project("{FAE04EC0-301F-11D3-BF4B-00C04F79EFBC}") = "SpendfulnessCli.Aggregation", "SpendfulnessCli.Aggregation\SpendfulnessCli.Aggregation.csproj", "{83E6F779-DD81-42CD-B9F6-6DA58BFAE9ED}"
EndProject
Project("{FAE04EC0-301F-11D3-BF4B-00C04F79EFBC}") = "SpendfulnessCli.Commands.Organisation", "SpendfulnessCli.Commands.Organisation\SpendfulnessCli.Commands.Organisation.csproj", "{6A7CA104-3649-4C11-9F2E-FE77130475E8}"
EndProject
Project("{FAE04EC0-301F-11D3-BF4B-00C04F79EFBC}") = "Cli", "Cli\Cli.csproj", "{1C607C1F-B2A8-4405-B5F9-224D8434FDA4}"
EndProject
Project("{FAE04EC0-301F-11D3-BF4B-00C04F79EFBC}") = "Cli.Commands.Abstractions", "Cli.Commands.Abstractions\Cli.Commands.Abstractions.csproj", "{7C35BAED-D8AB-4EF7-9B31-3D71E6531907}"
EndProject
Project("{FAE04EC0-301F-11D3-BF4B-00C04F79EFBC}") = "Cli.Instructions.Abstractions", "Cli.Instructions.Abstractions\Cli.Instructions.Abstractions.csproj", "{3956560E-7AB8-4C29-8CBD-A768B09A7AB6}"
EndProject
Project("{FAE04EC0-301F-11D3-BF4B-00C04F79EFBC}") = "Cli.Workflow.Abstractions", "Cli.Workflow.Abstractions\Cli.Workflow.Abstractions.csproj", "{5559CF19-AA49-4A85-9B26-1FCC78CDAFC4}"
EndProject
Project("{FAE04EC0-301F-11D3-BF4B-00C04F79EFBC}") = "Cli.Workflow", "Cli.Workflow\Cli.Workflow.csproj", "{D8B3A391-332F-4EC9-91B9-C857ECB38FD9}"
EndProject
Project("{FAE04EC0-301F-11D3-BF4B-00C04F79EFBC}") = "Cli.Abstractions", "Cli.Abstractions\Cli.Abstractions.csproj", "{DB034198-8794-4A9D-89AC-E4057E5B9E41}"
EndProject
Project("{FAE04EC0-301F-11D3-BF4B-00C04F79EFBC}") = "SpendfulnessCli", "SpendfulnessCli\SpendfulnessCli.csproj", "{3CA3D4A0-5C8C-41A1-A22B-61B9EBA19590}"
EndProject
Project("{2150E333-8FDC-42A3-9474-1A3956D46DE8}") = "Cli", "Cli", "{68F25F73-18EB-4E65-80EB-1EDCAF174DFA}"
EndProject
Project("{2150E333-8FDC-42A3-9474-1A3956D46DE8}") = "Ynab", "Ynab", "{8AA80F62-00BE-444B-8E6C-2F74B6F7F596}"
EndProject
Project("{FAE04EC0-301F-11D3-BF4B-00C04F79EFBC}") = "Spendfulness.Database.Abstractions", "Spendfulness.Database.Abstractions\Spendfulness.Database.Abstractions.csproj", "{DE64B865-301F-4302-B6F4-C7117809E9C3}"
EndProject
Project("{2150E333-8FDC-42A3-9474-1A3956D46DE8}") = "Spendfulness", "Spendfulness", "{52E90345-79FA-4FD3-8A3A-1D69887FA38E}"
EndProject
Project("{FAE04EC0-301F-11D3-BF4B-00C04F79EFBC}") = "SpendfulnessCli.Abstractions", "SpendfulnessCli.Abstractions\SpendfulnessCli.Abstractions.csproj", "{BFBBB00D-2446-41F8-9FA1-2C2551830036}"
EndProject
Project("{2150E333-8FDC-42A3-9474-1A3956D46DE8}") = "Spendfulness.Cli- CliTables", "Spendfulness.Cli- CliTables", "{51378C3A-F9B8-4313-95E5-FE234358C161}"
EndProject
Project("{2150E333-8FDC-42A3-9474-1A3956D46DE8}") = "Spendfulness.Cli - Commands", "Spendfulness.Cli - Commands", "{288969D4-0605-4444-B37F-7B01D4AD5165}"
EndProject
Project("{2150E333-8FDC-42A3-9474-1A3956D46DE8}") = "Spendfulness.Cli", "Spendfulness.Cli", "{B1518250-88D1-4368-8895-8C357359B4F9}"
EndProject
Project("{FAE04EC0-301F-11D3-BF4B-00C04F79EFBC}") = "Cli.Commands.Abstractions.Tests", "Cli.Commands.Abstractions.Tests\Cli.Commands.Abstractions.Tests.csproj", "{A1567276-A0D4-40B8-AAAC-91C9954D07D6}"
EndProject
Project("{FAE04EC0-301F-11D3-BF4B-00C04F79EFBC}") = "Cli.Workflow.Tests", "Cli.Workflow.Tests\Cli.Workflow.Tests.csproj", "{FE24F92E-0149-45EE-B47C-455528237598}"
EndProject
Project("{FAE04EC0-301F-11D3-BF4B-00C04F79EFBC}") = "Cli.Tests", "Cli.Tests\Cli.Tests.csproj", "{8D86F478-8F8E-4016-92B3-8009AEDB9E22}"
EndProject
Project("{FAE04EC0-301F-11D3-BF4B-00C04F79EFBC}") = "SpendfulnessCli.Commands.Reusable", "SpendfulnessCli.Commands.Reusable\SpendfulnessCli.Commands.Reusable.csproj", "{81927637-6D71-4F5C-881C-2D7F3C58BF09}"
EndProject
Project("{FAE04EC0-301F-11D3-BF4B-00C04F79EFBC}") = "Cli.Workflow.IntegrationTests", "Cli.Workflow.IntegrationTests\Cli.Workflow.IntegrationTests.csproj", "{F968D521-992F-4DEA-A507-2163895DC6BD}"
EndProject
Project("{FAE04EC0-301F-11D3-BF4B-00C04F79EFBC}") = "Cli.Workflow.Commands", "Cli.Workflow.Commands\Cli.Workflow.Commands.csproj", "{93F796DA-1FC7-41BD-B6D0-428540648863}"
EndProject
Project("{FAE04EC0-301F-11D3-BF4B-00C04F79EFBC}") = "Cli.Abstractions.Tests", "Cli.Abstractions.Tests\Cli.Abstractions.Tests.csproj", "{6A479A82-6A3C-4F09-BB16-0AA23E5C6BF1}"
EndProject
Project("{2150E333-8FDC-42A3-9474-1A3956D46DE8}") = "Cli - Workflow", "Cli - Workflow", "{880B2ACC-E940-4638-B640-B8DD8B123A2B}"
EndProject
Project("{2150E333-8FDC-42A3-9474-1A3956D46DE8}") = "Cli - Instructions", "Cli - Instructions", "{29430E48-BC3D-4BA4-812B-C4C63A83B90D}"
EndProject
Project("{2150E333-8FDC-42A3-9474-1A3956D46DE8}") = "Cli - Commands", "Cli - Commands", "{0A8161D5-5BA6-4A3E-8D8B-EE76ACEDA645}"
EndProject
Project("{FAE04EC0-301F-11D3-BF4B-00C04F79EFBC}") = "SpendfulnessCli.Commands.Reusable.Tests", "SpendfulnessCli.Commands.Reusable.Tests\SpendfulnessCli.Commands.Reusable.Tests.csproj", "{0B10D0F1-EC62-4F30-9025-ADE206331476}"
EndProject
Global
	GlobalSection(SolutionConfigurationPlatforms) = preSolution
		Debug|Any CPU = Debug|Any CPU
		Release|Any CPU = Release|Any CPU
	EndGlobalSection
	GlobalSection(ProjectConfigurationPlatforms) = postSolution
		{4D763B49-7DD5-488A-BE5A-083BFE9108FA}.Debug|Any CPU.ActiveCfg = Debug|Any CPU
		{4D763B49-7DD5-488A-BE5A-083BFE9108FA}.Debug|Any CPU.Build.0 = Debug|Any CPU
		{4D763B49-7DD5-488A-BE5A-083BFE9108FA}.Release|Any CPU.ActiveCfg = Release|Any CPU
		{4D763B49-7DD5-488A-BE5A-083BFE9108FA}.Release|Any CPU.Build.0 = Release|Any CPU
		{D6DDBC52-9946-434B-814E-536E8E4D49CB}.Debug|Any CPU.ActiveCfg = Debug|Any CPU
		{D6DDBC52-9946-434B-814E-536E8E4D49CB}.Debug|Any CPU.Build.0 = Debug|Any CPU
		{D6DDBC52-9946-434B-814E-536E8E4D49CB}.Release|Any CPU.ActiveCfg = Release|Any CPU
		{D6DDBC52-9946-434B-814E-536E8E4D49CB}.Release|Any CPU.Build.0 = Release|Any CPU
		{A856A1D8-73AB-47EA-8D8C-F53880052A16}.Debug|Any CPU.ActiveCfg = Debug|Any CPU
		{A856A1D8-73AB-47EA-8D8C-F53880052A16}.Debug|Any CPU.Build.0 = Debug|Any CPU
		{A856A1D8-73AB-47EA-8D8C-F53880052A16}.Release|Any CPU.ActiveCfg = Release|Any CPU
		{A856A1D8-73AB-47EA-8D8C-F53880052A16}.Release|Any CPU.Build.0 = Release|Any CPU
		{3DAF9443-CB74-4549-8032-551259B306FB}.Debug|Any CPU.ActiveCfg = Debug|Any CPU
		{3DAF9443-CB74-4549-8032-551259B306FB}.Debug|Any CPU.Build.0 = Debug|Any CPU
		{3DAF9443-CB74-4549-8032-551259B306FB}.Release|Any CPU.ActiveCfg = Release|Any CPU
		{3DAF9443-CB74-4549-8032-551259B306FB}.Release|Any CPU.Build.0 = Release|Any CPU
		{93506C09-B06A-4498-AA93-836C22677798}.Debug|Any CPU.ActiveCfg = Debug|Any CPU
		{93506C09-B06A-4498-AA93-836C22677798}.Debug|Any CPU.Build.0 = Debug|Any CPU
		{93506C09-B06A-4498-AA93-836C22677798}.Release|Any CPU.ActiveCfg = Release|Any CPU
		{93506C09-B06A-4498-AA93-836C22677798}.Release|Any CPU.Build.0 = Release|Any CPU
		{7EAF17CD-C47E-4573-A658-2D8F1C7AA1FC}.Debug|Any CPU.ActiveCfg = Debug|Any CPU
		{7EAF17CD-C47E-4573-A658-2D8F1C7AA1FC}.Debug|Any CPU.Build.0 = Debug|Any CPU
		{7EAF17CD-C47E-4573-A658-2D8F1C7AA1FC}.Release|Any CPU.ActiveCfg = Release|Any CPU
		{7EAF17CD-C47E-4573-A658-2D8F1C7AA1FC}.Release|Any CPU.Build.0 = Release|Any CPU
		{603D8C36-71AF-423D-B27D-F78C3B09EA0B}.Debug|Any CPU.ActiveCfg = Debug|Any CPU
		{603D8C36-71AF-423D-B27D-F78C3B09EA0B}.Debug|Any CPU.Build.0 = Debug|Any CPU
		{603D8C36-71AF-423D-B27D-F78C3B09EA0B}.Release|Any CPU.ActiveCfg = Release|Any CPU
		{603D8C36-71AF-423D-B27D-F78C3B09EA0B}.Release|Any CPU.Build.0 = Release|Any CPU
		{E72E9E9F-C093-4924-AFF2-67E1E46F1039}.Debug|Any CPU.ActiveCfg = Debug|Any CPU
		{E72E9E9F-C093-4924-AFF2-67E1E46F1039}.Debug|Any CPU.Build.0 = Debug|Any CPU
		{E72E9E9F-C093-4924-AFF2-67E1E46F1039}.Release|Any CPU.ActiveCfg = Release|Any CPU
		{E72E9E9F-C093-4924-AFF2-67E1E46F1039}.Release|Any CPU.Build.0 = Release|Any CPU
		{80B41408-9A47-4AC6-8847-A37EF2EC327C}.Debug|Any CPU.ActiveCfg = Debug|Any CPU
		{80B41408-9A47-4AC6-8847-A37EF2EC327C}.Debug|Any CPU.Build.0 = Debug|Any CPU
		{80B41408-9A47-4AC6-8847-A37EF2EC327C}.Release|Any CPU.ActiveCfg = Release|Any CPU
		{80B41408-9A47-4AC6-8847-A37EF2EC327C}.Release|Any CPU.Build.0 = Release|Any CPU
		{9EDF82AA-7E61-485B-8B95-815EA0407C93}.Debug|Any CPU.ActiveCfg = Debug|Any CPU
		{9EDF82AA-7E61-485B-8B95-815EA0407C93}.Debug|Any CPU.Build.0 = Debug|Any CPU
		{9EDF82AA-7E61-485B-8B95-815EA0407C93}.Release|Any CPU.ActiveCfg = Release|Any CPU
		{9EDF82AA-7E61-485B-8B95-815EA0407C93}.Release|Any CPU.Build.0 = Release|Any CPU
		{B15BC118-26C7-43F1-8315-EB71C92DF16A}.Debug|Any CPU.ActiveCfg = Debug|Any CPU
		{B15BC118-26C7-43F1-8315-EB71C92DF16A}.Debug|Any CPU.Build.0 = Debug|Any CPU
		{B15BC118-26C7-43F1-8315-EB71C92DF16A}.Release|Any CPU.ActiveCfg = Release|Any CPU
		{B15BC118-26C7-43F1-8315-EB71C92DF16A}.Release|Any CPU.Build.0 = Release|Any CPU
		{E34D5843-983A-4548-9D68-CB479F2711EE}.Debug|Any CPU.ActiveCfg = Debug|Any CPU
		{E34D5843-983A-4548-9D68-CB479F2711EE}.Debug|Any CPU.Build.0 = Debug|Any CPU
		{E34D5843-983A-4548-9D68-CB479F2711EE}.Release|Any CPU.ActiveCfg = Release|Any CPU
		{E34D5843-983A-4548-9D68-CB479F2711EE}.Release|Any CPU.Build.0 = Release|Any CPU
		{83E6F779-DD81-42CD-B9F6-6DA58BFAE9ED}.Debug|Any CPU.ActiveCfg = Debug|Any CPU
		{83E6F779-DD81-42CD-B9F6-6DA58BFAE9ED}.Debug|Any CPU.Build.0 = Debug|Any CPU
		{83E6F779-DD81-42CD-B9F6-6DA58BFAE9ED}.Release|Any CPU.ActiveCfg = Release|Any CPU
		{83E6F779-DD81-42CD-B9F6-6DA58BFAE9ED}.Release|Any CPU.Build.0 = Release|Any CPU
		{6A7CA104-3649-4C11-9F2E-FE77130475E8}.Debug|Any CPU.ActiveCfg = Debug|Any CPU
		{6A7CA104-3649-4C11-9F2E-FE77130475E8}.Debug|Any CPU.Build.0 = Debug|Any CPU
		{6A7CA104-3649-4C11-9F2E-FE77130475E8}.Release|Any CPU.ActiveCfg = Release|Any CPU
		{6A7CA104-3649-4C11-9F2E-FE77130475E8}.Release|Any CPU.Build.0 = Release|Any CPU
		{1C607C1F-B2A8-4405-B5F9-224D8434FDA4}.Debug|Any CPU.ActiveCfg = Debug|Any CPU
		{1C607C1F-B2A8-4405-B5F9-224D8434FDA4}.Debug|Any CPU.Build.0 = Debug|Any CPU
		{1C607C1F-B2A8-4405-B5F9-224D8434FDA4}.Release|Any CPU.ActiveCfg = Release|Any CPU
		{1C607C1F-B2A8-4405-B5F9-224D8434FDA4}.Release|Any CPU.Build.0 = Release|Any CPU
		{7C35BAED-D8AB-4EF7-9B31-3D71E6531907}.Debug|Any CPU.ActiveCfg = Debug|Any CPU
		{7C35BAED-D8AB-4EF7-9B31-3D71E6531907}.Debug|Any CPU.Build.0 = Debug|Any CPU
		{7C35BAED-D8AB-4EF7-9B31-3D71E6531907}.Release|Any CPU.ActiveCfg = Release|Any CPU
		{7C35BAED-D8AB-4EF7-9B31-3D71E6531907}.Release|Any CPU.Build.0 = Release|Any CPU
		{3956560E-7AB8-4C29-8CBD-A768B09A7AB6}.Debug|Any CPU.ActiveCfg = Debug|Any CPU
		{3956560E-7AB8-4C29-8CBD-A768B09A7AB6}.Debug|Any CPU.Build.0 = Debug|Any CPU
		{3956560E-7AB8-4C29-8CBD-A768B09A7AB6}.Release|Any CPU.ActiveCfg = Release|Any CPU
		{3956560E-7AB8-4C29-8CBD-A768B09A7AB6}.Release|Any CPU.Build.0 = Release|Any CPU
		{5559CF19-AA49-4A85-9B26-1FCC78CDAFC4}.Debug|Any CPU.ActiveCfg = Debug|Any CPU
		{5559CF19-AA49-4A85-9B26-1FCC78CDAFC4}.Debug|Any CPU.Build.0 = Debug|Any CPU
		{5559CF19-AA49-4A85-9B26-1FCC78CDAFC4}.Release|Any CPU.ActiveCfg = Release|Any CPU
		{5559CF19-AA49-4A85-9B26-1FCC78CDAFC4}.Release|Any CPU.Build.0 = Release|Any CPU
		{D8B3A391-332F-4EC9-91B9-C857ECB38FD9}.Debug|Any CPU.ActiveCfg = Debug|Any CPU
		{D8B3A391-332F-4EC9-91B9-C857ECB38FD9}.Debug|Any CPU.Build.0 = Debug|Any CPU
		{D8B3A391-332F-4EC9-91B9-C857ECB38FD9}.Release|Any CPU.ActiveCfg = Release|Any CPU
		{D8B3A391-332F-4EC9-91B9-C857ECB38FD9}.Release|Any CPU.Build.0 = Release|Any CPU
		{DB034198-8794-4A9D-89AC-E4057E5B9E41}.Debug|Any CPU.ActiveCfg = Debug|Any CPU
		{DB034198-8794-4A9D-89AC-E4057E5B9E41}.Debug|Any CPU.Build.0 = Debug|Any CPU
		{DB034198-8794-4A9D-89AC-E4057E5B9E41}.Release|Any CPU.ActiveCfg = Release|Any CPU
		{DB034198-8794-4A9D-89AC-E4057E5B9E41}.Release|Any CPU.Build.0 = Release|Any CPU
		{3CA3D4A0-5C8C-41A1-A22B-61B9EBA19590}.Debug|Any CPU.ActiveCfg = Debug|Any CPU
		{3CA3D4A0-5C8C-41A1-A22B-61B9EBA19590}.Debug|Any CPU.Build.0 = Debug|Any CPU
		{3CA3D4A0-5C8C-41A1-A22B-61B9EBA19590}.Release|Any CPU.ActiveCfg = Release|Any CPU
		{3CA3D4A0-5C8C-41A1-A22B-61B9EBA19590}.Release|Any CPU.Build.0 = Release|Any CPU
		{DE64B865-301F-4302-B6F4-C7117809E9C3}.Debug|Any CPU.ActiveCfg = Debug|Any CPU
		{DE64B865-301F-4302-B6F4-C7117809E9C3}.Debug|Any CPU.Build.0 = Debug|Any CPU
		{DE64B865-301F-4302-B6F4-C7117809E9C3}.Release|Any CPU.ActiveCfg = Release|Any CPU
		{DE64B865-301F-4302-B6F4-C7117809E9C3}.Release|Any CPU.Build.0 = Release|Any CPU
		{BFBBB00D-2446-41F8-9FA1-2C2551830036}.Debug|Any CPU.ActiveCfg = Debug|Any CPU
		{BFBBB00D-2446-41F8-9FA1-2C2551830036}.Debug|Any CPU.Build.0 = Debug|Any CPU
		{BFBBB00D-2446-41F8-9FA1-2C2551830036}.Release|Any CPU.ActiveCfg = Release|Any CPU
		{BFBBB00D-2446-41F8-9FA1-2C2551830036}.Release|Any CPU.Build.0 = Release|Any CPU
		{A1567276-A0D4-40B8-AAAC-91C9954D07D6}.Debug|Any CPU.ActiveCfg = Debug|Any CPU
		{A1567276-A0D4-40B8-AAAC-91C9954D07D6}.Debug|Any CPU.Build.0 = Debug|Any CPU
		{A1567276-A0D4-40B8-AAAC-91C9954D07D6}.Release|Any CPU.ActiveCfg = Release|Any CPU
		{A1567276-A0D4-40B8-AAAC-91C9954D07D6}.Release|Any CPU.Build.0 = Release|Any CPU
		{FE24F92E-0149-45EE-B47C-455528237598}.Debug|Any CPU.ActiveCfg = Debug|Any CPU
		{FE24F92E-0149-45EE-B47C-455528237598}.Debug|Any CPU.Build.0 = Debug|Any CPU
		{FE24F92E-0149-45EE-B47C-455528237598}.Release|Any CPU.ActiveCfg = Release|Any CPU
		{FE24F92E-0149-45EE-B47C-455528237598}.Release|Any CPU.Build.0 = Release|Any CPU
		{8D86F478-8F8E-4016-92B3-8009AEDB9E22}.Debug|Any CPU.ActiveCfg = Debug|Any CPU
		{8D86F478-8F8E-4016-92B3-8009AEDB9E22}.Debug|Any CPU.Build.0 = Debug|Any CPU
		{8D86F478-8F8E-4016-92B3-8009AEDB9E22}.Release|Any CPU.ActiveCfg = Release|Any CPU
		{8D86F478-8F8E-4016-92B3-8009AEDB9E22}.Release|Any CPU.Build.0 = Release|Any CPU
		{81927637-6D71-4F5C-881C-2D7F3C58BF09}.Debug|Any CPU.ActiveCfg = Debug|Any CPU
		{81927637-6D71-4F5C-881C-2D7F3C58BF09}.Debug|Any CPU.Build.0 = Debug|Any CPU
		{81927637-6D71-4F5C-881C-2D7F3C58BF09}.Release|Any CPU.ActiveCfg = Release|Any CPU
		{81927637-6D71-4F5C-881C-2D7F3C58BF09}.Release|Any CPU.Build.0 = Release|Any CPU
		{F968D521-992F-4DEA-A507-2163895DC6BD}.Debug|Any CPU.ActiveCfg = Debug|Any CPU
		{F968D521-992F-4DEA-A507-2163895DC6BD}.Debug|Any CPU.Build.0 = Debug|Any CPU
		{F968D521-992F-4DEA-A507-2163895DC6BD}.Release|Any CPU.ActiveCfg = Release|Any CPU
		{F968D521-992F-4DEA-A507-2163895DC6BD}.Release|Any CPU.Build.0 = Release|Any CPU
		{93F796DA-1FC7-41BD-B6D0-428540648863}.Debug|Any CPU.ActiveCfg = Debug|Any CPU
		{93F796DA-1FC7-41BD-B6D0-428540648863}.Debug|Any CPU.Build.0 = Debug|Any CPU
		{93F796DA-1FC7-41BD-B6D0-428540648863}.Release|Any CPU.ActiveCfg = Release|Any CPU
		{93F796DA-1FC7-41BD-B6D0-428540648863}.Release|Any CPU.Build.0 = Release|Any CPU
		{6A479A82-6A3C-4F09-BB16-0AA23E5C6BF1}.Debug|Any CPU.ActiveCfg = Debug|Any CPU
		{6A479A82-6A3C-4F09-BB16-0AA23E5C6BF1}.Debug|Any CPU.Build.0 = Debug|Any CPU
		{6A479A82-6A3C-4F09-BB16-0AA23E5C6BF1}.Release|Any CPU.ActiveCfg = Release|Any CPU
		{6A479A82-6A3C-4F09-BB16-0AA23E5C6BF1}.Release|Any CPU.Build.0 = Release|Any CPU
		{0B10D0F1-EC62-4F30-9025-ADE206331476}.Debug|Any CPU.ActiveCfg = Debug|Any CPU
		{0B10D0F1-EC62-4F30-9025-ADE206331476}.Debug|Any CPU.Build.0 = Debug|Any CPU
		{0B10D0F1-EC62-4F30-9025-ADE206331476}.Release|Any CPU.ActiveCfg = Release|Any CPU
		{0B10D0F1-EC62-4F30-9025-ADE206331476}.Release|Any CPU.Build.0 = Release|Any CPU
	EndGlobalSection
	GlobalSection(NestedProjects) = preSolution
		{1C607C1F-B2A8-4405-B5F9-224D8434FDA4} = {68F25F73-18EB-4E65-80EB-1EDCAF174DFA}
		{DB034198-8794-4A9D-89AC-E4057E5B9E41} = {68F25F73-18EB-4E65-80EB-1EDCAF174DFA}
		{4D763B49-7DD5-488A-BE5A-083BFE9108FA} = {8AA80F62-00BE-444B-8E6C-2F74B6F7F596}
		{603D8C36-71AF-423D-B27D-F78C3B09EA0B} = {8AA80F62-00BE-444B-8E6C-2F74B6F7F596}
		{80B41408-9A47-4AC6-8847-A37EF2EC327C} = {52E90345-79FA-4FD3-8A3A-1D69887FA38E}
		{DE64B865-301F-4302-B6F4-C7117809E9C3} = {52E90345-79FA-4FD3-8A3A-1D69887FA38E}
		{D6DDBC52-9946-434B-814E-536E8E4D49CB} = {51378C3A-F9B8-4313-95E5-FE234358C161}
		{E72E9E9F-C093-4924-AFF2-67E1E46F1039} = {51378C3A-F9B8-4313-95E5-FE234358C161}
		{83E6F779-DD81-42CD-B9F6-6DA58BFAE9ED} = {51378C3A-F9B8-4313-95E5-FE234358C161}
		{A856A1D8-73AB-47EA-8D8C-F53880052A16} = {288969D4-0605-4444-B37F-7B01D4AD5165}
		{6A7CA104-3649-4C11-9F2E-FE77130475E8} = {288969D4-0605-4444-B37F-7B01D4AD5165}
		{9EDF82AA-7E61-485B-8B95-815EA0407C93} = {288969D4-0605-4444-B37F-7B01D4AD5165}
		{B15BC118-26C7-43F1-8315-EB71C92DF16A} = {288969D4-0605-4444-B37F-7B01D4AD5165}
		{7EAF17CD-C47E-4573-A658-2D8F1C7AA1FC} = {288969D4-0605-4444-B37F-7B01D4AD5165}
		{3CA3D4A0-5C8C-41A1-A22B-61B9EBA19590} = {B1518250-88D1-4368-8895-8C357359B4F9}
		{BFBBB00D-2446-41F8-9FA1-2C2551830036} = {B1518250-88D1-4368-8895-8C357359B4F9}
		{E34D5843-983A-4548-9D68-CB479F2711EE} = {B1518250-88D1-4368-8895-8C357359B4F9}
		{8D86F478-8F8E-4016-92B3-8009AEDB9E22} = {68F25F73-18EB-4E65-80EB-1EDCAF174DFA}
		{81927637-6D71-4F5C-881C-2D7F3C58BF09} = {288969D4-0605-4444-B37F-7B01D4AD5165}
		{6A479A82-6A3C-4F09-BB16-0AA23E5C6BF1} = {68F25F73-18EB-4E65-80EB-1EDCAF174DFA}
		{D8B3A391-332F-4EC9-91B9-C857ECB38FD9} = {880B2ACC-E940-4638-B640-B8DD8B123A2B}
		{5559CF19-AA49-4A85-9B26-1FCC78CDAFC4} = {880B2ACC-E940-4638-B640-B8DD8B123A2B}
		{93F796DA-1FC7-41BD-B6D0-428540648863} = {880B2ACC-E940-4638-B640-B8DD8B123A2B}
		{F968D521-992F-4DEA-A507-2163895DC6BD} = {880B2ACC-E940-4638-B640-B8DD8B123A2B}
		{FE24F92E-0149-45EE-B47C-455528237598} = {880B2ACC-E940-4638-B640-B8DD8B123A2B}
		{3DAF9443-CB74-4549-8032-551259B306FB} = {29430E48-BC3D-4BA4-812B-C4C63A83B90D}
		{3956560E-7AB8-4C29-8CBD-A768B09A7AB6} = {29430E48-BC3D-4BA4-812B-C4C63A83B90D}
		{93506C09-B06A-4498-AA93-836C22677798} = {29430E48-BC3D-4BA4-812B-C4C63A83B90D}
		{7C35BAED-D8AB-4EF7-9B31-3D71E6531907} = {0A8161D5-5BA6-4A3E-8D8B-EE76ACEDA645}
		{A1567276-A0D4-40B8-AAAC-91C9954D07D6} = {0A8161D5-5BA6-4A3E-8D8B-EE76ACEDA645}
		{0B10D0F1-EC62-4F30-9025-ADE206331476} = {288969D4-0605-4444-B37F-7B01D4AD5165}
	EndGlobalSection
EndGlobal
